
Microsoft Visual Studio Solution File, Format Version 12.00
# Visual Studio Version 17
VisualStudioVersion = 17.2.32630.192
MinimumVisualStudioVersion = 10.0.40219.1
Project("{FAE04EC0-301F-11D3-BF4B-00C04F79EFBC}") = "Nova", "Nova\Nova.csproj", "{7EDF9EC0-3496-4252-89C1-60F64E45A5EC}"
EndProject
Global
	GlobalSection(SolutionConfigurationPlatforms) = preSolution
		Debug|Any CPU = Debug|Any CPU
		Release|Any CPU = Release|Any CPU
	EndGlobalSection
	GlobalSection(ProjectConfigurationPlatforms) = postSolution
		{7EDF9EC0-3496-4252-89C1-60F64E45A5EC}.Debug|Any CPU.ActiveCfg = Debug|Any CPU
		{7EDF9EC0-3496-4252-89C1-60F64E45A5EC}.Debug|Any CPU.Build.0 = Debug|Any CPU
		{7EDF9EC0-3496-4252-89C1-60F64E45A5EC}.Release|Any CPU.ActiveCfg = Release|Any CPU
		{7EDF9EC0-3496-4252-89C1-60F64E45A5EC}.Release|Any CPU.Build.0 = Release|Any CPU
	EndGlobalSection
	GlobalSection(SolutionProperties) = preSolution
		HideSolutionNode = FALSE
	EndGlobalSection
	GlobalSection(ExtensibilityGlobals) = postSolution
		SolutionGuid = {A2CCFEC7-456C-4746-9597-A7FF505465C0}
	EndGlobalSection
EndGlobal
